
Microsoft Visual Studio Solution File, Format Version 12.00
# Visual Studio Version 17
VisualStudioVersion = 17.1.32421.90
MinimumVisualStudioVersion = 10.0.40219.1
Project("{FAE04EC0-301F-11D3-BF4B-00C04F79EFBC}") = "WebScrap", "WebScrap\WebScrap.csproj", "{323262E2-1545-4AC6-B9A0-A209AFD75BE2}"
EndProject
Project("{FAE04EC0-301F-11D3-BF4B-00C04F79EFBC}") = "WebScrapTest", "WebScrapTest\WebScrapTest.csproj", "{4B7EFA43-01E3-4D39-B428-872209A4DBE3}"
EndProject
Project("{FAE04EC0-301F-11D3-BF4B-00C04F79EFBC}") = "Helpers", "Helpers\Helpers.csproj", "{A06B1783-8528-4BBF-9084-B0F35B3F1D88}"
EndProject
Project("{2150E333-8FDC-42A3-9474-1A3956D46DE8}") = "Solution Items", "Solution Items", "{63190AC9-A488-4AFC-A990-955523743C74}"
	ProjectSection(SolutionItems) = preProject
		WebScrap\bin\Debug\favicon.ico = WebScrap\bin\Debug\favicon.ico
	EndProjectSection
EndProject
Project("{2150E333-8FDC-42A3-9474-1A3956D46DE8}") = "tickers", "tickers", "{DE927B52-A1B6-401D-BBCA-298C8E8EB2AE}"
	ProjectSection(SolutionItems) = preProject
		C:\Users\HP\Desktop\tickers\AA_Default.xml = C:\Users\HP\Desktop\tickers\AA_Default.xml
		C:\Users\HP\Desktop\tickers\Agribusiness.xml = C:\Users\HP\Desktop\tickers\Agribusiness.xml
		C:\Users\HP\Desktop\tickers\Banks.xml = C:\Users\HP\Desktop\tickers\Banks.xml
		C:\Users\HP\Desktop\tickers\Biotechs.xml = C:\Users\HP\Desktop\tickers\Biotechs.xml
		C:\Users\HP\Desktop\tickers\Energy.xml = C:\Users\HP\Desktop\tickers\Energy.xml
		C:\Users\HP\Desktop\tickers\Gold.xml = C:\Users\HP\Desktop\tickers\Gold.xml
		C:\Users\HP\Desktop\tickers\LargeCaps.xml = C:\Users\HP\Desktop\tickers\LargeCaps.xml
		C:\Users\HP\Desktop\tickers\Oil.xml = C:\Users\HP\Desktop\tickers\Oil.xml
	EndProjectSection
EndProject
Project("{2150E333-8FDC-42A3-9474-1A3956D46DE8}") = "Sql", "Sql", "{ED753360-4207-452F-88E9-8F3FF866F675}"
	ProjectSection(SolutionItems) = preProject
		C:\Users\HP\Desktop\CreateMainTable.sql = C:\Users\HP\Desktop\CreateMainTable.sql
	EndProjectSection
EndProject
Global
	GlobalSection(SolutionConfigurationPlatforms) = preSolution
		CD_ROM|Any CPU = CD_ROM|Any CPU
		CD_ROM|x86 = CD_ROM|x86
		Debug|Any CPU = Debug|Any CPU
		Debug|x86 = Debug|x86
		DVD-5|Any CPU = DVD-5|Any CPU
		DVD-5|x86 = DVD-5|x86
		Release|Any CPU = Release|Any CPU
		Release|x86 = Release|x86
		SingleImage|Any CPU = SingleImage|Any CPU
		SingleImage|x86 = SingleImage|x86
	EndGlobalSection
	GlobalSection(ProjectConfigurationPlatforms) = postSolution
		{323262E2-1545-4AC6-B9A0-A209AFD75BE2}.CD_ROM|Any CPU.ActiveCfg = Release|Any CPU
		{323262E2-1545-4AC6-B9A0-A209AFD75BE2}.CD_ROM|Any CPU.Build.0 = Release|Any CPU
		{323262E2-1545-4AC6-B9A0-A209AFD75BE2}.CD_ROM|x86.ActiveCfg = Release|x86
		{323262E2-1545-4AC6-B9A0-A209AFD75BE2}.CD_ROM|x86.Build.0 = Release|x86
		{323262E2-1545-4AC6-B9A0-A209AFD75BE2}.Debug|Any CPU.ActiveCfg = Debug|Any CPU
		{323262E2-1545-4AC6-B9A0-A209AFD75BE2}.Debug|Any CPU.Build.0 = Debug|Any CPU
		{323262E2-1545-4AC6-B9A0-A209AFD75BE2}.Debug|x86.ActiveCfg = Debug|x86
		{323262E2-1545-4AC6-B9A0-A209AFD75BE2}.Debug|x86.Build.0 = Debug|x86
		{323262E2-1545-4AC6-B9A0-A209AFD75BE2}.DVD-5|Any CPU.ActiveCfg = Debug|Any CPU
		{323262E2-1545-4AC6-B9A0-A209AFD75BE2}.DVD-5|Any CPU.Build.0 = Debug|Any CPU
		{323262E2-1545-4AC6-B9A0-A209AFD75BE2}.DVD-5|x86.ActiveCfg = Debug|x86
		{323262E2-1545-4AC6-B9A0-A209AFD75BE2}.DVD-5|x86.Build.0 = Debug|x86
		{323262E2-1545-4AC6-B9A0-A209AFD75BE2}.Release|Any CPU.ActiveCfg = Release|Any CPU
		{323262E2-1545-4AC6-B9A0-A209AFD75BE2}.Release|Any CPU.Build.0 = Release|Any CPU
		{323262E2-1545-4AC6-B9A0-A209AFD75BE2}.Release|x86.ActiveCfg = Release|x86
		{323262E2-1545-4AC6-B9A0-A209AFD75BE2}.Release|x86.Build.0 = Release|x86
		{323262E2-1545-4AC6-B9A0-A209AFD75BE2}.SingleImage|Any CPU.ActiveCfg = Release|Any CPU
		{323262E2-1545-4AC6-B9A0-A209AFD75BE2}.SingleImage|Any CPU.Build.0 = Release|Any CPU
		{323262E2-1545-4AC6-B9A0-A209AFD75BE2}.SingleImage|x86.ActiveCfg = Release|x86
		{323262E2-1545-4AC6-B9A0-A209AFD75BE2}.SingleImage|x86.Build.0 = Release|x86
		{4B7EFA43-01E3-4D39-B428-872209A4DBE3}.CD_ROM|Any CPU.ActiveCfg = Release|Any CPU
		{4B7EFA43-01E3-4D39-B428-872209A4DBE3}.CD_ROM|Any CPU.Build.0 = Release|Any CPU
		{4B7EFA43-01E3-4D39-B428-872209A4DBE3}.CD_ROM|x86.ActiveCfg = Release|x86
		{4B7EFA43-01E3-4D39-B428-872209A4DBE3}.CD_ROM|x86.Build.0 = Release|x86
		{4B7EFA43-01E3-4D39-B428-872209A4DBE3}.Debug|Any CPU.ActiveCfg = Debug|Any CPU
		{4B7EFA43-01E3-4D39-B428-872209A4DBE3}.Debug|Any CPU.Build.0 = Debug|Any CPU
		{4B7EFA43-01E3-4D39-B428-872209A4DBE3}.Debug|x86.ActiveCfg = Debug|x86
		{4B7EFA43-01E3-4D39-B428-872209A4DBE3}.Debug|x86.Build.0 = Debug|x86
		{4B7EFA43-01E3-4D39-B428-872209A4DBE3}.DVD-5|Any CPU.ActiveCfg = Debug|Any CPU
		{4B7EFA43-01E3-4D39-B428-872209A4DBE3}.DVD-5|Any CPU.Build.0 = Debug|Any CPU
		{4B7EFA43-01E3-4D39-B428-872209A4DBE3}.DVD-5|x86.ActiveCfg = Debug|x86
		{4B7EFA43-01E3-4D39-B428-872209A4DBE3}.DVD-5|x86.Build.0 = Debug|x86
		{4B7EFA43-01E3-4D39-B428-872209A4DBE3}.Release|Any CPU.ActiveCfg = Release|Any CPU
		{4B7EFA43-01E3-4D39-B428-872209A4DBE3}.Release|Any CPU.Build.0 = Release|Any CPU
		{4B7EFA43-01E3-4D39-B428-872209A4DBE3}.Release|x86.ActiveCfg = Release|x86
		{4B7EFA43-01E3-4D39-B428-872209A4DBE3}.Release|x86.Build.0 = Release|x86
		{4B7EFA43-01E3-4D39-B428-872209A4DBE3}.SingleImage|Any CPU.ActiveCfg = Release|Any CPU
		{4B7EFA43-01E3-4D39-B428-872209A4DBE3}.SingleImage|Any CPU.Build.0 = Release|Any CPU
		{4B7EFA43-01E3-4D39-B428-872209A4DBE3}.SingleImage|x86.ActiveCfg = Release|x86
		{4B7EFA43-01E3-4D39-B428-872209A4DBE3}.SingleImage|x86.Build.0 = Release|x86
		{A06B1783-8528-4BBF-9084-B0F35B3F1D88}.CD_ROM|Any CPU.ActiveCfg = Release|Any CPU
		{A06B1783-8528-4BBF-9084-B0F35B3F1D88}.CD_ROM|Any CPU.Build.0 = Release|Any CPU
		{A06B1783-8528-4BBF-9084-B0F35B3F1D88}.CD_ROM|x86.ActiveCfg = Release|x86
		{A06B1783-8528-4BBF-9084-B0F35B3F1D88}.CD_ROM|x86.Build.0 = Release|x86
		{A06B1783-8528-4BBF-9084-B0F35B3F1D88}.Debug|Any CPU.ActiveCfg = Debug|Any CPU
		{A06B1783-8528-4BBF-9084-B0F35B3F1D88}.Debug|Any CPU.Build.0 = Debug|Any CPU
		{A06B1783-8528-4BBF-9084-B0F35B3F1D88}.Debug|x86.ActiveCfg = Debug|x86
		{A06B1783-8528-4BBF-9084-B0F35B3F1D88}.Debug|x86.Build.0 = Debug|x86
		{A06B1783-8528-4BBF-9084-B0F35B3F1D88}.DVD-5|Any CPU.ActiveCfg = Debug|Any CPU
		{A06B1783-8528-4BBF-9084-B0F35B3F1D88}.DVD-5|Any CPU.Build.0 = Debug|Any CPU
		{A06B1783-8528-4BBF-9084-B0F35B3F1D88}.DVD-5|x86.ActiveCfg = Debug|x86
		{A06B1783-8528-4BBF-9084-B0F35B3F1D88}.DVD-5|x86.Build.0 = Debug|x86
		{A06B1783-8528-4BBF-9084-B0F35B3F1D88}.Release|Any CPU.ActiveCfg = Release|Any CPU
		{A06B1783-8528-4BBF-9084-B0F35B3F1D88}.Release|Any CPU.Build.0 = Release|Any CPU
		{A06B1783-8528-4BBF-9084-B0F35B3F1D88}.Release|x86.ActiveCfg = Release|x86
		{A06B1783-8528-4BBF-9084-B0F35B3F1D88}.Release|x86.Build.0 = Release|x86
		{A06B1783-8528-4BBF-9084-B0F35B3F1D88}.SingleImage|Any CPU.ActiveCfg = Release|Any CPU
		{A06B1783-8528-4BBF-9084-B0F35B3F1D88}.SingleImage|Any CPU.Build.0 = Release|Any CPU
		{A06B1783-8528-4BBF-9084-B0F35B3F1D88}.SingleImage|x86.ActiveCfg = Release|x86
		{A06B1783-8528-4BBF-9084-B0F35B3F1D88}.SingleImage|x86.Build.0 = Release|x86
	EndGlobalSection
	GlobalSection(SolutionProperties) = preSolution
		HideSolutionNode = FALSE
	EndGlobalSection
	GlobalSection(ExtensibilityGlobals) = postSolution
		SolutionGuid = {B20420CC-2AC9-46B5-8486-98303CF2A9A5}
		EnterpriseLibraryConfigurationToolBinariesPath = packages\Unity.2.1.505.2\lib\NET35
	EndGlobalSection
EndGlobal
